
Microsoft Visual Studio Solution File, Format Version 12.00
# Visual Studio Version 16
VisualStudioVersion = 16.0.29519.87
MinimumVisualStudioVersion = 10.0.40219.1
Project("{FAE04EC0-301F-11D3-BF4B-00C04F79EFBC}") = "SpecflowTutorial", "SpecflowTutorial.csproj", "{3F9F310B-3754-4A59-A5C1-1C4C2D1C85FB}"
EndProject
Global
	GlobalSection(SolutionConfigurationPlatforms) = preSolution
		Debug|Any CPU = Debug|Any CPU
		Release|Any CPU = Release|Any CPU
	EndGlobalSection
	GlobalSection(ProjectConfigurationPlatforms) = postSolution
		{3F9F310B-3754-4A59-A5C1-1C4C2D1C85FB}.Debug|Any CPU.ActiveCfg = Debug|Any CPU
		{3F9F310B-3754-4A59-A5C1-1C4C2D1C85FB}.Debug|Any CPU.Build.0 = Debug|Any CPU
		{3F9F310B-3754-4A59-A5C1-1C4C2D1C85FB}.Release|Any CPU.ActiveCfg = Release|Any CPU
		{3F9F310B-3754-4A59-A5C1-1C4C2D1C85FB}.Release|Any CPU.Build.0 = Release|Any CPU
	EndGlobalSection
	GlobalSection(SolutionProperties) = preSolution
		HideSolutionNode = FALSE
	EndGlobalSection
	GlobalSection(ExtensibilityGlobals) = postSolution
		SolutionGuid = {0C8F3481-2EA4-4D77-86B6-29F2CC64D0C5}
	EndGlobalSection
EndGlobal
